// !$*UTF8*$!
{
	archiveVersion = 1;
	classes = {
	};
	objectVersion = 46;
	objects = {

/* Begin PBXBuildFile section */
		179484411BE8EBA200FDC26D /* main.m in Sources */ = {isa = PBXBuildFile; fileRef = 179484401BE8EBA200FDC26D /* main.m */; };
		179484441BE8EBA200FDC26D /* AppDelegate.m in Sources */ = {isa = PBXBuildFile; fileRef = 179484431BE8EBA200FDC26D /* AppDelegate.m */; };
		179484471BE8EBA200FDC26D /* ViewController.m in Sources */ = {isa = PBXBuildFile; fileRef = 179484461BE8EBA200FDC26D /* ViewController.m */; };
		1794844A1BE8EBA200FDC26D /* Main.storyboard in Resources */ = {isa = PBXBuildFile; fileRef = 179484481BE8EBA200FDC26D /* Main.storyboard */; };
		1794844C1BE8EBA200FDC26D /* Images.xcassets in Resources */ = {isa = PBXBuildFile; fileRef = 1794844B1BE8EBA200FDC26D /* Images.xcassets */; };
		1794844F1BE8EBA200FDC26D /* LaunchScreen.xib in Resources */ = {isa = PBXBuildFile; fileRef = 1794844D1BE8EBA200FDC26D /* LaunchScreen.xib */; };
		1794845B1BE8EBA200FDC26D /* JS_DemoTests.m in Sources */ = {isa = PBXBuildFile; fileRef = 1794845A1BE8EBA200FDC26D /* JS_DemoTests.m */; };
/* End PBXBuildFile section */

/* Begin PBXContainerItemProxy section */
		179484551BE8EBA200FDC26D /* PBXContainerItemProxy */ = {
			isa = PBXContainerItemProxy;
			containerPortal = 179484331BE8EBA200FDC26D /* Project object */;
			proxyType = 1;
			remoteGlobalIDString = 1794843A1BE8EBA200FDC26D;
			remoteInfo = JS_Demo;
		};
/* End PBXContainerItemProxy section */

/* Begin PBXFileReference section */
		1794843B1BE8EBA200FDC26D /* JS_Demo.app */ = {isa = PBXFileReference; explicitFileType = wrapper.application; includeInIndex = 0; path = JS_Demo.app; sourceTree = BUILT_PRODUCTS_DIR; };
		1794843F1BE8EBA200FDC26D /* Info.plist */ = {isa = PBXFileReference; lastKnownFileType = text.plist.xml; path = Info.plist; sourceTree = "<group>"; };
		179484401BE8EBA200FDC26D /* main.m */ = {isa = PBXFileReference; lastKnownFileType = sourcecode.c.objc; path = main.m; sourceTree = "<group>"; };
		179484421BE8EBA200FDC26D /* AppDelegate.h */ = {isa = PBXFileReference; lastKnownFileType = sourcecode.c.h; path = AppDelegate.h; sourceTree = "<group>"; };
		179484431BE8EBA200FDC26D /* AppDelegate.m */ = {isa = PBXFileReference; lastKnownFileType = sourcecode.c.objc; path = AppDelegate.m; sourceTree = "<group>"; };
		179484451BE8EBA200FDC26D /* ViewController.h */ = {isa = PBXFileReference; lastKnownFileType = sourcecode.c.h; path = ViewController.h; sourceTree = "<group>"; };
		179484461BE8EBA200FDC26D /* ViewController.m */ = {isa = PBXFileReference; lastKnownFileType = sourcecode.c.objc; path = ViewController.m; sourceTree = "<group>"; };
		179484491BE8EBA200FDC26D /* Base */ = {isa = PBXFileReference; lastKnownFileType = file.storyboard; name = Base; path = Base.lproj/Main.storyboard; sourceTree = "<group>"; };
		1794844B1BE8EBA200FDC26D /* Images.xcassets */ = {isa = PBXFileReference; lastKnownFileType = folder.assetcatalog; path = Images.xcassets; sourceTree = "<group>"; };
		1794844E1BE8EBA200FDC26D /* Base */ = {isa = PBXFileReference; lastKnownFileType = file.xib; name = Base; path = Base.lproj/LaunchScreen.xib; sourceTree = "<group>"; };
		179484541BE8EBA200FDC26D /* JS_DemoTests.xctest */ = {isa = PBXFileReference; explicitFileType = wrapper.cfbundle; includeInIndex = 0; path = JS_DemoTests.xctest; sourceTree = BUILT_PRODUCTS_DIR; };
		179484591BE8EBA200FDC26D /* Info.plist */ = {isa = PBXFileReference; lastKnownFileType = text.plist.xml; path = Info.plist; sourceTree = "<group>"; };
		1794845A1BE8EBA200FDC26D /* JS_DemoTests.m */ = {isa = PBXFileReference; lastKnownFileType = sourcecode.c.objc; path = JS_DemoTests.m; sourceTree = "<group>"; };
/* End PBXFileReference section */

/* Begin PBXFrameworksBuildPhase section */
		179484381BE8EBA200FDC26D /* Frameworks */ = {
			isa = PBXFrameworksBuildPhase;
			buildActionMask = 2147483647;
			files = (
			);
			runOnlyForDeploymentPostprocessing = 0;
		};
		179484511BE8EBA200FDC26D /* Frameworks */ = {
			isa = PBXFrameworksBuildPhase;
			buildActionMask = 2147483647;
			files = (
			);
			runOnlyForDeploymentPostprocessing = 0;
		};
/* End PBXFrameworksBuildPhase section */

/* Begin PBXGroup section */
		179484321BE8EBA200FDC26D = {
			isa = PBXGroup;
			children = (
				1794843D1BE8EBA200FDC26D /* JS_Demo */,
				179484571BE8EBA200FDC26D /* JS_DemoTests */,
				1794843C1BE8EBA200FDC26D /* Products */,
			);
			sourceTree = "<group>";
		};
		1794843C1BE8EBA200FDC26D /* Products */ = {
			isa = PBXGroup;
			children = (
				1794843B1BE8EBA200FDC26D /* JS_Demo.app */,
				179484541BE8EBA200FDC26D /* JS_DemoTests.xctest */,
			);
			name = Products;
			sourceTree = "<group>";
		};
		1794843D1BE8EBA200FDC26D /* JS_Demo */ = {
			isa = PBXGroup;
			children = (
				179484421BE8EBA200FDC26D /* AppDelegate.h */,
				179484431BE8EBA200FDC26D /* AppDelegate.m */,
				179484451BE8EBA200FDC26D /* ViewController.h */,
				179484461BE8EBA200FDC26D /* ViewController.m */,
				179484481BE8EBA200FDC26D /* Main.storyboard */,
				1794844B1BE8EBA200FDC26D /* Images.xcassets */,
				1794844D1BE8EBA200FDC26D /* LaunchScreen.xib */,
				1794843E1BE8EBA200FDC26D /* Supporting Files */,
			);
			path = JS_Demo;
			sourceTree = "<group>";
		};
		1794843E1BE8EBA200FDC26D /* Supporting Files */ = {
			isa = PBXGroup;
			children = (
				1794843F1BE8EBA200FDC26D /* Info.plist */,
				179484401BE8EBA200FDC26D /* main.m */,
			);
			name = "Supporting Files";
			sourceTree = "<group>";
		};
		179484571BE8EBA200FDC26D /* JS_DemoTests */ = {
			isa = PBXGroup;
			children = (
				1794845A1BE8EBA200FDC26D /* JS_DemoTests.m */,
				179484581BE8EBA200FDC26D /* Supporting Files */,
			);
			path = JS_DemoTests;
			sourceTree = "<group>";
		};
		179484581BE8EBA200FDC26D /* Supporting Files */ = {
			isa = PBXGroup;
			children = (
				179484591BE8EBA200FDC26D /* Info.plist */,
			);
			name = "Supporting Files";
			sourceTree = "<group>";
		};
/* End PBXGroup section */

/* Begin PBXNativeTarget section */
		1794843A1BE8EBA200FDC26D /* JS_Demo */ = {
			isa = PBXNativeTarget;
			buildConfigurationList = 1794845E1BE8EBA200FDC26D /* Build configuration list for PBXNativeTarget "JS_Demo" */;
			buildPhases = (
				179484371BE8EBA200FDC26D /* Sources */,
				179484381BE8EBA200FDC26D /* Frameworks */,
				179484391BE8EBA200FDC26D /* Resources */,
			);
			buildRules = (
			);
			dependencies = (
			);
			name = JS_Demo;
			productName = JS_Demo;
			productReference = 1794843B1BE8EBA200FDC26D /* JS_Demo.app */;
			productType = "com.apple.product-type.application";
		};
		179484531BE8EBA200FDC26D /* JS_DemoTests */ = {
			isa = PBXNativeTarget;
			buildConfigurationList = 179484611BE8EBA200FDC26D /* Build configuration list for PBXNativeTarget "JS_DemoTests" */;
			buildPhases = (
				179484501BE8EBA200FDC26D /* Sources */,
				179484511BE8EBA200FDC26D /* Frameworks */,
				179484521BE8EBA200FDC26D /* Resources */,
			);
			buildRules = (
			);
			dependencies = (
				179484561BE8EBA200FDC26D /* PBXTargetDependency */,
			);
			name = JS_DemoTests;
			productName = JS_DemoTests;
			productReference = 179484541BE8EBA200FDC26D /* JS_DemoTests.xctest */;
			productType = "com.apple.product-type.bundle.unit-test";
		};
/* End PBXNativeTarget section */

/* Begin PBXProject section */
		179484331BE8EBA200FDC26D /* Project object */ = {
			isa = PBXProject;
			attributes = {
				LastUpgradeCheck = 0640;
				ORGANIZATIONNAME = ej;
				TargetAttributes = {
					1794843A1BE8EBA200FDC26D = {
						CreatedOnToolsVersion = 6.4;
					};
					179484531BE8EBA200FDC26D = {
						CreatedOnToolsVersion = 6.4;
						TestTargetID = 1794843A1BE8EBA200FDC26D;
					};
				};
			};
			buildConfigurationList = 179484361BE8EBA200FDC26D /* Build configuration list for PBXProject "JS_Demo" */;
			compatibilityVersion = "Xcode 3.2";
			developmentRegion = English;
			hasScannedForEncodings = 0;
			knownRegions = (
				en,
				Base,
			);
			mainGroup = 179484321BE8EBA200FDC26D;
			productRefGroup = 1794843C1BE8EBA200FDC26D /* Products */;
			projectDirPath = "";
			projectRoot = "";
			targets = (
				1794843A1BE8EBA200FDC26D /* JS_Demo */,
				179484531BE8EBA200FDC26D /* JS_DemoTests */,
			);
		};
/* End PBXProject section */

/* Begin PBXResourcesBuildPhase section */
		179484391BE8EBA200FDC26D /* Resources */ = {
			isa = PBXResourcesBuildPhase;
			buildActionMask = 2147483647;
			files = (
				1794844A1BE8EBA200FDC26D /* Main.storyboard in Resources */,
				1794844F1BE8EBA200FDC26D /* LaunchScreen.xib in Resources */,
				1794844C1BE8EBA200FDC26D /* Images.xcassets in Resources */,
			);
			runOnlyForDeploymentPostprocessing = 0;
		};
		179484521BE8EBA200FDC26D /* Resources */ = {
			isa = PBXResourcesBuildPhase;
			buildActionMask = 2147483647;
			files = (
			);
			runOnlyForDeploymentPostprocessing = 0;
		};
/* End PBXResourcesBuildPhase section */

/* Begin PBXSourcesBuildPhase section */
		179484371BE8EBA200FDC26D /* Sources */ = {
			isa = PBXSourcesBuildPhase;
			buildActionMask = 2147483647;
			files = (
				179484471BE8EBA200FDC26D /* ViewController.m in Sources */,
				179484441BE8EBA200FDC26D /* AppDelegate.m in Sources */,
				179484411BE8EBA200FDC26D /* main.m in Sources */,
			);
			runOnlyForDeploymentPostprocessing = 0;
		};
		179484501BE8EBA200FDC26D /* Sources */ = {
			isa = PBXSourcesBuildPhase;
			buildActionMask = 2147483647;
			files = (
				1794845B1BE8EBA200FDC26D /* JS_DemoTests.m in Sources */,
			);
			runOnlyForDeploymentPostprocessing = 0;
		};
/* End PBXSourcesBuildPhase section */

/* Begin PBXTargetDependency section */
		179484561BE8EBA200FDC26D /* PBXTargetDependency */ = {
			isa = PBXTargetDependency;
			target = 1794843A1BE8EBA200FDC26D /* JS_Demo */;
			targetProxy = 179484551BE8EBA200FDC26D /* PBXContainerItemProxy */;
		};
/* End PBXTargetDependency section */

/* Begin PBXVariantGroup section */
		179484481BE8EBA200FDC26D /* Main.storyboard */ = {
			isa = PBXVariantGroup;
			children = (
				179484491BE8EBA200FDC26D /* Base */,
			);
			name = Main.storyboard;
			sourceTree = "<group>";
		};
		1794844D1BE8EBA200FDC26D /* LaunchScreen.xib */ = {
			isa = PBXVariantGroup;
			children = (
				1794844E1BE8EBA200FDC26D /* Base */,
			);
			name = LaunchScreen.xib;
			sourceTree = "<group>";
		};
/* End PBXVariantGroup section */

/* Begin XCBuildConfiguration section */
		1794845C1BE8EBA200FDC26D /* Debug */ = {
			isa = XCBuildConfiguration;
			buildSettings = {
				ALWAYS_SEARCH_USER_PATHS = NO;
				CLANG_CXX_LANGUAGE_STANDARD = "gnu++0x";
				CLANG_CXX_LIBRARY = "libc++";
				CLANG_ENABLE_MODULES = YES;
				CLANG_ENABLE_OBJC_ARC = YES;
				CLANG_WARN_BOOL_CONVERSION = YES;
				CLANG_WARN_CONSTANT_CONVERSION = YES;
				CLANG_WARN_DIRECT_OBJC_ISA_USAGE = YES_ERROR;
				CLANG_WARN_EMPTY_BODY = YES;
				CLANG_WARN_ENUM_CONVERSION = YES;
				CLANG_WARN_INT_CONVERSION = YES;
				CLANG_WARN_OBJC_ROOT_CLASS = YES_ERROR;
				CLANG_WARN_UNREACHABLE_CODE = YES;
				CLANG_WARN__DUPLICATE_METHOD_MATCH = YES;
				"CODE_SIGN_IDENTITY[sdk=iphoneos*]" = "iPhone Developer";
				COPY_PHASE_STRIP = NO;
				DEBUG_INFORMATION_FORMAT = "dwarf-with-dsym";
				ENABLE_STRICT_OBJC_MSGSEND = YES;
				GCC_C_LANGUAGE_STANDARD = gnu99;
				GCC_DYNAMIC_NO_PIC = NO;
				GCC_NO_COMMON_BLOCKS = YES;
				GCC_OPTIMIZATION_LEVEL = 0;
				GCC_PREPROCESSOR_DEFINITIONS = (
					"DEBUG=1",
					"$(inherited)",
				);
				GCC_SYMBOLS_PRIVATE_EXTERN = NO;
				GCC_WARN_64_TO_32_BIT_CONVERSION = YES;
				GCC_WARN_ABOUT_RETURN_TYPE = YES_ERROR;
				GCC_WARN_UNDECLARED_SELECTOR = YES;
				GCC_WARN_UNINITIALIZED_AUTOS = YES_AGGRESSIVE;
				GCC_WARN_UNUSED_FUNCTION = YES;
				GCC_WARN_UNUSED_VARIABLE = YES;
				IPHONEOS_DEPLOYMENT_TARGET = 8.4;
				MTL_ENABLE_DEBUG_INFO = YES;
				ONLY_ACTIVE_ARCH = YES;
				SDKROOT = iphoneos;
			};
			name = Debug;
		};
		1794845D1BE8EBA200FDC26D /* Release */ = {
			isa = XCBuildConfiguration;
			buildSettings = {
				ALWAYS_SEARCH_USER_PATHS = NO;
				CLANG_CXX_LANGUAGE_STANDARD = "gnu++0x";
				CLANG_CXX_LIBRARY = "libc++";
				CLANG_ENABLE_MODULES = YES;
				CLANG_ENABLE_OBJC_ARC = YES;
				CLANG_WARN_BOOL_CONVERSION = YES;
				CLANG_WARN_CONSTANT_CONVERSION = YES;
				CLANG_WARN_DIRECT_OBJC_ISA_USAGE = YES_ERROR;
				CLANG_WARN_EMPTY_BODY = YES;
				CLANG_WARN_ENUM_CONVERSION = YES;
				CLANG_WARN_INT_CONVERSION = YES;
				CLANG_WARN_OBJC_ROOT_CLASS = YES_ERROR;
				CLANG_WARN_UNREACHABLE_CODE = YES;
				CLANG_WARN__DUPLICATE_METHOD_MATCH = YES;
				"CODE_SIGN_IDENTITY[sdk=iphoneos*]" = "iPhone Developer";
				COPY_PHASE_STRIP = NO;
				DEBUG_INFORMATION_FORMAT = "dwarf-with-dsym";
				ENABLE_NS_ASSERTIONS = NO;
				ENABLE_STRICT_OBJC_MSGSEND = YES;
				GCC_C_LANGUAGE_STANDARD = gnu99;
				GCC_NO_COMMON_BLOCKS = YES;
				GCC_WARN_64_TO_32_BIT_CONVERSION = YES;
				GCC_WARN_ABOUT_RETURN_TYPE = YES_ERROR;
				GCC_WARN_UNDECLARED_SELECTOR = YES;
				GCC_WARN_UNINITIALIZED_AUTOS = YES_AGGRESSIVE;
				GCC_WARN_UNUSED_FUNCTION = YES;
				GCC_WARN_UNUSED_VARIABLE = YES;
				IPHONEOS_DEPLOYMENT_TARGET = 8.4;
				MTL_ENABLE_DEBUG_INFO = NO;
				SDKROOT = iphoneos;
				VALIDATE_PRODUCT = YES;
			};
			name = Release;
		};
		1794845F1BE8EBA200FDC26D /* Debug */ = {
			isa = XCBuildConfiguration;
			buildSettings = {
				ASSETCATALOG_COMPILER_APPICON_NAME = AppIcon;
				INFOPLIST_FILE = JS_Demo/Info.plist;
				LD_RUNPATH_SEARCH_PATHS = "$(inherited) @executable_path/Frameworks";
				PRODUCT_NAME = "$(TARGET_NAME)";
			};
			name = Debug;
		};
		179484601BE8EBA200FDC26D /* Release */ = {
			isa = XCBuildConfiguration;
			buildSettings = {
				ASSETCATALOG_COMPILER_APPICON_NAME = AppIcon;
				INFOPLIST_FILE = JS_Demo/Info.plist;
				LD_RUNPATH_SEARCH_PATHS = "$(inherited) @executable_path/Frameworks";
				PRODUCT_NAME = "$(TARGET_NAME)";
			};
			name = Release;
		};
		179484621BE8EBA200FDC26D /* Debug */ = {
			isa = XCBuildConfiguration;
			buildSettings = {
				BUNDLE_LOADER = "$(TEST_HOST)";
				FRAMEWORK_SEARCH_PATHS = (
					"$(SDKROOT)/Developer/Library/Frameworks",
					"$(inherited)",
				);
				GCC_PREPROCESSOR_DEFINITIONS = (
					"DEBUG=1",
					"$(inherited)",
				);
				INFOPLIST_FILE = JS_DemoTests/Info.plist;
				LD_RUNPATH_SEARCH_PATHS = "$(inherited) @executable_path/Frameworks @loader_path/Frameworks";
				PRODUCT_NAME = "$(TARGET_NAME)";
				TEST_HOST = "$(BUILT_PRODUCTS_DIR)/JS_Demo.app/JS_Demo";
			};
			name = Debug;
		};
		179484631BE8EBA200FDC26D /* Release */ = {
			isa = XCBuildConfiguration;
			buildSettings = {
				BUNDLE_LOADER = "$(TEST_HOST)";
				FRAMEWORK_SEARCH_PATHS = (
					"$(SDKROOT)/Developer/Library/Frameworks",
					"$(inherited)",
				);
				INFOPLIST_FILE = JS_DemoTests/Info.plist;
				LD_RUNPATH_SEARCH_PATHS = "$(inherited) @executable_path/Frameworks @loader_path/Frameworks";
				PRODUCT_NAME = "$(TARGET_NAME)";
				TEST_HOST = "$(BUILT_PRODUCTS_DIR)/JS_Demo.app/JS_Demo";
			};
			name = Release;
		};
/* End XCBuildConfiguration section */

/* Begin XCConfigurationList section */
		179484361BE8EBA200FDC26D /* Build configuration list for PBXProject "JS_Demo" */ = {
			isa = XCConfigurationList;
			buildConfigurations = (
				1794845C1BE8EBA200FDC26D /* Debug */,
				1794845D1BE8EBA200FDC26D /* Release */,
			);
			defaultConfigurationIsVisible = 0;
			defaultConfigurationName = Release;
		};
		1794845E1BE8EBA200FDC26D /* Build configuration list for PBXNativeTarget "JS_Demo" */ = {
			isa = XCConfigurationList;
			buildConfigurations = (
				1794845F1BE8EBA200FDC26D /* Debug */,
				179484601BE8EBA200FDC26D /* Release */,
			);
			defaultConfigurationIsVisible = 0;
		};
		179484611BE8EBA200FDC26D /* Build configuration list for PBXNativeTarget "JS_DemoTests" */ = {
			isa = XCConfigurationList;
			buildConfigurations = (
				179484621BE8EBA200FDC26D /* Debug */,
				179484631BE8EBA200FDC26D /* Release */,
			);
			defaultConfigurationIsVisible = 0;
		};
/* End XCConfigurationList section */
	};
	rootObject = 179484331BE8EBA200FDC26D /* Project object */;
}
